// !$*UTF8*$!
{
	archiveVersion = 1;
	classes = {
	};
	objectVersion = 50;
	objects = {

/* Begin PBXBuildFile section */
		FE20C9E326A517F100B68B26 /* AppDelegate.swift in Sources */ = {isa = PBXBuildFile; fileRef = FE20C9E226A517F100B68B26 /* AppDelegate.swift */; };
		FE20C9E526A517F100B68B26 /* SceneDelegate.swift in Sources */ = {isa = PBXBuildFile; fileRef = FE20C9E426A517F100B68B26 /* SceneDelegate.swift */; };
		FE20C9E726A517F100B68B26 /* ViewController.swift in Sources */ = {isa = PBXBuildFile; fileRef = FE20C9E626A517F100B68B26 /* ViewController.swift */; };
		FE20C9EA26A517F100B68B26 /* Main.storyboard in Resources */ = {isa = PBXBuildFile; fileRef = FE20C9E826A517F100B68B26 /* Main.storyboard */; };
		FE20C9EC26A517F400B68B26 /* Assets.xcassets in Resources */ = {isa = PBXBuildFile; fileRef = FE20C9EB26A517F400B68B26 /* Assets.xcassets */; };
		FE20C9EF26A517F400B68B26 /* LaunchScreen.storyboard in Resources */ = {isa = PBXBuildFile; fileRef = FE20C9ED26A517F400B68B26 /* LaunchScreen.storyboard */; };
		FE20C9FA26A517F500B68B26 /* DogsTests.swift in Sources */ = {isa = PBXBuildFile; fileRef = FE20C9F926A517F500B68B26 /* DogsTests.swift */; };
		FE20CA0526A517F500B68B26 /* DogsUITests.swift in Sources */ = {isa = PBXBuildFile; fileRef = FE20CA0426A517F500B68B26 /* DogsUITests.swift */; };
/* End PBXBuildFile section */

/* Begin PBXContainerItemProxy section */
		FE20C9F626A517F500B68B26 /* PBXContainerItemProxy */ = {
			isa = PBXContainerItemProxy;
			containerPortal = FE20C9D726A517F100B68B26 /* Project object */;
			proxyType = 1;
			remoteGlobalIDString = FE20C9DE26A517F100B68B26;
			remoteInfo = Dogs;
		};
		FE20CA0126A517F500B68B26 /* PBXContainerItemProxy */ = {
			isa = PBXContainerItemProxy;
			containerPortal = FE20C9D726A517F100B68B26 /* Project object */;
			proxyType = 1;
			remoteGlobalIDString = FE20C9DE26A517F100B68B26;
			remoteInfo = Dogs;
		};
/* End PBXContainerItemProxy section */

/* Begin PBXFileReference section */
		FE20C9DF26A517F100B68B26 /* Dogs.app */ = {isa = PBXFileReference; explicitFileType = wrapper.application; includeInIndex = 0; path = Dogs.app; sourceTree = BUILT_PRODUCTS_DIR; };
		FE20C9E226A517F100B68B26 /* AppDelegate.swift */ = {isa = PBXFileReference; lastKnownFileType = sourcecode.swift; path = AppDelegate.swift; sourceTree = "<group>"; };
		FE20C9E426A517F100B68B26 /* SceneDelegate.swift */ = {isa = PBXFileReference; lastKnownFileType = sourcecode.swift; path = SceneDelegate.swift; sourceTree = "<group>"; };
		FE20C9E626A517F100B68B26 /* ViewController.swift */ = {isa = PBXFileReference; lastKnownFileType = sourcecode.swift; path = ViewController.swift; sourceTree = "<group>"; };
		FE20C9E926A517F100B68B26 /* Base */ = {isa = PBXFileReference; lastKnownFileType = file.storyboard; name = Base; path = Base.lproj/Main.storyboard; sourceTree = "<group>"; };
		FE20C9EB26A517F400B68B26 /* Assets.xcassets */ = {isa = PBXFileReference; lastKnownFileType = folder.assetcatalog; path = Assets.xcassets; sourceTree = "<group>"; };
		FE20C9EE26A517F400B68B26 /* Base */ = {isa = PBXFileReference; lastKnownFileType = file.storyboard; name = Base; path = Base.lproj/LaunchScreen.storyboard; sourceTree = "<group>"; };
		FE20C9F026A517F400B68B26 /* Info.plist */ = {isa = PBXFileReference; lastKnownFileType = text.plist.xml; path = Info.plist; sourceTree = "<group>"; };
		FE20C9F526A517F500B68B26 /* DogsTests.xctest */ = {isa = PBXFileReference; explicitFileType = wrapper.cfbundle; includeInIndex = 0; path = DogsTests.xctest; sourceTree = BUILT_PRODUCTS_DIR; };
		FE20C9F926A517F500B68B26 /* DogsTests.swift */ = {isa = PBXFileReference; lastKnownFileType = sourcecode.swift; path = DogsTests.swift; sourceTree = "<group>"; };
		FE20C9FB26A517F500B68B26 /* Info.plist */ = {isa = PBXFileReference; lastKnownFileType = text.plist.xml; path = Info.plist; sourceTree = "<group>"; };
		FE20CA0026A517F500B68B26 /* DogsUITests.xctest */ = {isa = PBXFileReference; explicitFileType = wrapper.cfbundle; includeInIndex = 0; path = DogsUITests.xctest; sourceTree = BUILT_PRODUCTS_DIR; };
		FE20CA0426A517F500B68B26 /* DogsUITests.swift */ = {isa = PBXFileReference; lastKnownFileType = sourcecode.swift; path = DogsUITests.swift; sourceTree = "<group>"; };
		FE20CA0626A517F500B68B26 /* Info.plist */ = {isa = PBXFileReference; lastKnownFileType = text.plist.xml; path = Info.plist; sourceTree = "<group>"; };
/* End PBXFileReference section */

/* Begin PBXFrameworksBuildPhase section */
		FE20C9DC26A517F100B68B26 /* Frameworks */ = {
			isa = PBXFrameworksBuildPhase;
			buildActionMask = 2147483647;
			files = (
			);
			runOnlyForDeploymentPostprocessing = 0;
		};
		FE20C9F226A517F500B68B26 /* Frameworks */ = {
			isa = PBXFrameworksBuildPhase;
			buildActionMask = 2147483647;
			files = (
			);
			runOnlyForDeploymentPostprocessing = 0;
		};
		FE20C9FD26A517F500B68B26 /* Frameworks */ = {
			isa = PBXFrameworksBuildPhase;
			buildActionMask = 2147483647;
			files = (
			);
			runOnlyForDeploymentPostprocessing = 0;
		};
/* End PBXFrameworksBuildPhase section */

/* Begin PBXGroup section */
		FE20C9D626A517F100B68B26 = {
			isa = PBXGroup;
			children = (
				FE20C9E126A517F100B68B26 /* Dogs */,
				FE20C9F826A517F500B68B26 /* DogsTests */,
				FE20CA0326A517F500B68B26 /* DogsUITests */,
				FE20C9E026A517F100B68B26 /* Products */,
			);
			sourceTree = "<group>";
		};
		FE20C9E026A517F100B68B26 /* Products */ = {
			isa = PBXGroup;
			children = (
				FE20C9DF26A517F100B68B26 /* Dogs.app */,
				FE20C9F526A517F500B68B26 /* DogsTests.xctest */,
				FE20CA0026A517F500B68B26 /* DogsUITests.xctest */,
			);
			name = Products;
			sourceTree = "<group>";
		};
		FE20C9E126A517F100B68B26 /* Dogs */ = {
			isa = PBXGroup;
			children = (
				FE20C9E226A517F100B68B26 /* AppDelegate.swift */,
				FE20C9E426A517F100B68B26 /* SceneDelegate.swift */,
				FE20C9E626A517F100B68B26 /* ViewController.swift */,
				FE20C9E826A517F100B68B26 /* Main.storyboard */,
				FE20C9EB26A517F400B68B26 /* Assets.xcassets */,
				FE20C9ED26A517F400B68B26 /* LaunchScreen.storyboard */,
				FE20C9F026A517F400B68B26 /* Info.plist */,
			);
			path = Dogs;
			sourceTree = "<group>";
		};
		FE20C9F826A517F500B68B26 /* DogsTests */ = {
			isa = PBXGroup;
			children = (
				FE20C9F926A517F500B68B26 /* DogsTests.swift */,
				FE20C9FB26A517F500B68B26 /* Info.plist */,
			);
			path = DogsTests;
			sourceTree = "<group>";
		};
		FE20CA0326A517F500B68B26 /* DogsUITests */ = {
			isa = PBXGroup;
			children = (
				FE20CA0426A517F500B68B26 /* DogsUITests.swift */,
				FE20CA0626A517F500B68B26 /* Info.plist */,
			);
			path = DogsUITests;
			sourceTree = "<group>";
		};
/* End PBXGroup section */

/* Begin PBXNativeTarget section */
		FE20C9DE26A517F100B68B26 /* Dogs */ = {
			isa = PBXNativeTarget;
			buildConfigurationList = FE20CA0926A517F500B68B26 /* Build configuration list for PBXNativeTarget "Dogs" */;
			buildPhases = (
				FE20C9DB26A517F100B68B26 /* Sources */,
				FE20C9DC26A517F100B68B26 /* Frameworks */,
				FE20C9DD26A517F100B68B26 /* Resources */,
			);
			buildRules = (
			);
			dependencies = (
			);
			name = Dogs;
			productName = Dogs;
			productReference = FE20C9DF26A517F100B68B26 /* Dogs.app */;
			productType = "com.apple.product-type.application";
		};
		FE20C9F426A517F500B68B26 /* DogsTests */ = {
			isa = PBXNativeTarget;
			buildConfigurationList = FE20CA0C26A517F500B68B26 /* Build configuration list for PBXNativeTarget "DogsTests" */;
			buildPhases = (
				FE20C9F126A517F500B68B26 /* Sources */,
				FE20C9F226A517F500B68B26 /* Frameworks */,
				FE20C9F326A517F500B68B26 /* Resources */,
			);
			buildRules = (
			);
			dependencies = (
				FE20C9F726A517F500B68B26 /* PBXTargetDependency */,
			);
			name = DogsTests;
			productName = DogsTests;
			productReference = FE20C9F526A517F500B68B26 /* DogsTests.xctest */;
			productType = "com.apple.product-type.bundle.unit-test";
		};
		FE20C9FF26A517F500B68B26 /* DogsUITests */ = {
			isa = PBXNativeTarget;
			buildConfigurationList = FE20CA0F26A517F500B68B26 /* Build configuration list for PBXNativeTarget "DogsUITests" */;
			buildPhases = (
				FE20C9FC26A517F500B68B26 /* Sources */,
				FE20C9FD26A517F500B68B26 /* Frameworks */,
				FE20C9FE26A517F500B68B26 /* Resources */,
			);
			buildRules = (
			);
			dependencies = (
				FE20CA0226A517F500B68B26 /* PBXTargetDependency */,
			);
			name = DogsUITests;
			productName = DogsUITests;
			productReference = FE20CA0026A517F500B68B26 /* DogsUITests.xctest */;
			productType = "com.apple.product-type.bundle.ui-testing";
		};
/* End PBXNativeTarget section */

/* Begin PBXProject section */
		FE20C9D726A517F100B68B26 /* Project object */ = {
			isa = PBXProject;
			attributes = {
				LastSwiftUpdateCheck = 1250;
				LastUpgradeCheck = 1250;
				TargetAttributes = {
					FE20C9DE26A517F100B68B26 = {
						CreatedOnToolsVersion = 12.5.1;
					};
					FE20C9F426A517F500B68B26 = {
						CreatedOnToolsVersion = 12.5.1;
						TestTargetID = FE20C9DE26A517F100B68B26;
					};
					FE20C9FF26A517F500B68B26 = {
						CreatedOnToolsVersion = 12.5.1;
						TestTargetID = FE20C9DE26A517F100B68B26;
					};
				};
			};
			buildConfigurationList = FE20C9DA26A517F100B68B26 /* Build configuration list for PBXProject "Dogs" */;
			compatibilityVersion = "Xcode 9.3";
			developmentRegion = en;
			hasScannedForEncodings = 0;
			knownRegions = (
				en,
				Base,
			);
			mainGroup = FE20C9D626A517F100B68B26;
			productRefGroup = FE20C9E026A517F100B68B26 /* Products */;
			projectDirPath = "";
			projectRoot = "";
			targets = (
				FE20C9DE26A517F100B68B26 /* Dogs */,
				FE20C9F426A517F500B68B26 /* DogsTests */,
				FE20C9FF26A517F500B68B26 /* DogsUITests */,
			);
		};
/* End PBXProject section */

/* Begin PBXResourcesBuildPhase section */
		FE20C9DD26A517F100B68B26 /* Resources */ = {
			isa = PBXResourcesBuildPhase;
			buildActionMask = 2147483647;
			files = (
				FE20C9EF26A517F400B68B26 /* LaunchScreen.storyboard in Resources */,
				FE20C9EC26A517F400B68B26 /* Assets.xcassets in Resources */,
				FE20C9EA26A517F100B68B26 /* Main.storyboard in Resources */,
			);
			runOnlyForDeploymentPostprocessing = 0;
		};
		FE20C9F326A517F500B68B26 /* Resources */ = {
			isa = PBXResourcesBuildPhase;
			buildActionMask = 2147483647;
			files = (
			);
			runOnlyForDeploymentPostprocessing = 0;
		};
		FE20C9FE26A517F500B68B26 /* Resources */ = {
			isa = PBXResourcesBuildPhase;
			buildActionMask = 2147483647;
			files = (
			);
			runOnlyForDeploymentPostprocessing = 0;
		};
/* End PBXResourcesBuildPhase section */

/* Begin PBXSourcesBuildPhase section */
		FE20C9DB26A517F100B68B26 /* Sources */ = {
			isa = PBXSourcesBuildPhase;
			buildActionMask = 2147483647;
			files = (
				FE20C9E726A517F100B68B26 /* ViewController.swift in Sources */,
				FE20C9E326A517F100B68B26 /* AppDelegate.swift in Sources */,
				FE20C9E526A517F100B68B26 /* SceneDelegate.swift in Sources */,
			);
			runOnlyForDeploymentPostprocessing = 0;
		};
		FE20C9F126A517F500B68B26 /* Sources */ = {
			isa = PBXSourcesBuildPhase;
			buildActionMask = 2147483647;
			files = (
				FE20C9FA26A517F500B68B26 /* DogsTests.swift in Sources */,
			);
			runOnlyForDeploymentPostprocessing = 0;
		};
		FE20C9FC26A517F500B68B26 /* Sources */ = {
			isa = PBXSourcesBuildPhase;
			buildActionMask = 2147483647;
			files = (
				FE20CA0526A517F500B68B26 /* DogsUITests.swift in Sources */,
			);
			runOnlyForDeploymentPostprocessing = 0;
		};
/* End PBXSourcesBuildPhase section */

/* Begin PBXTargetDependency section */
		FE20C9F726A517F500B68B26 /* PBXTargetDependency */ = {
			isa = PBXTargetDependency;
			target = FE20C9DE26A517F100B68B26 /* Dogs */;
			targetProxy = FE20C9F626A517F500B68B26 /* PBXContainerItemProxy */;
		};
		FE20CA0226A517F500B68B26 /* PBXTargetDependency */ = {
			isa = PBXTargetDependency;
			target = FE20C9DE26A517F100B68B26 /* Dogs */;
			targetProxy = FE20CA0126A517F500B68B26 /* PBXContainerItemProxy */;
		};
/* End PBXTargetDependency section */

/* Begin PBXVariantGroup section */
		FE20C9E826A517F100B68B26 /* Main.storyboard */ = {
			isa = PBXVariantGroup;
			children = (
				FE20C9E926A517F100B68B26 /* Base */,
			);
			name = Main.storyboard;
			sourceTree = "<group>";
		};
		FE20C9ED26A517F400B68B26 /* LaunchScreen.storyboard */ = {
			isa = PBXVariantGroup;
			children = (
				FE20C9EE26A517F400B68B26 /* Base */,
			);
			name = LaunchScreen.storyboard;
			sourceTree = "<group>";
		};
/* End PBXVariantGroup section */

/* Begin XCBuildConfiguration section */
		FE20CA0726A517F500B68B26 /* Debug */ = {
			isa = XCBuildConfiguration;
			buildSettings = {
				ALWAYS_SEARCH_USER_PATHS = NO;
				CLANG_ANALYZER_NONNULL = YES;
				CLANG_ANALYZER_NUMBER_OBJECT_CONVERSION = YES_AGGRESSIVE;
				CLANG_CXX_LANGUAGE_STANDARD = "gnu++14";
				CLANG_CXX_LIBRARY = "libc++";
				CLANG_ENABLE_MODULES = YES;
				CLANG_ENABLE_OBJC_ARC = YES;
				CLANG_ENABLE_OBJC_WEAK = YES;
				CLANG_WARN_BLOCK_CAPTURE_AUTORELEASING = YES;
				CLANG_WARN_BOOL_CONVERSION = YES;
				CLANG_WARN_COMMA = YES;
				CLANG_WARN_CONSTANT_CONVERSION = YES;
				CLANG_WARN_DEPRECATED_OBJC_IMPLEMENTATIONS = YES;
				CLANG_WARN_DIRECT_OBJC_ISA_USAGE = YES_ERROR;
				CLANG_WARN_DOCUMENTATION_COMMENTS = YES;
				CLANG_WARN_EMPTY_BODY = YES;
				CLANG_WARN_ENUM_CONVERSION = YES;
				CLANG_WARN_INFINITE_RECURSION = YES;
				CLANG_WARN_INT_CONVERSION = YES;
				CLANG_WARN_NON_LITERAL_NULL_CONVERSION = YES;
				CLANG_WARN_OBJC_IMPLICIT_RETAIN_SELF = YES;
				CLANG_WARN_OBJC_LITERAL_CONVERSION = YES;
				CLANG_WARN_OBJC_ROOT_CLASS = YES_ERROR;
				CLANG_WARN_QUOTED_INCLUDE_IN_FRAMEWORK_HEADER = YES;
				CLANG_WARN_RANGE_LOOP_ANALYSIS = YES;
				CLANG_WARN_STRICT_PROTOTYPES = YES;
				CLANG_WARN_SUSPICIOUS_MOVE = YES;
				CLANG_WARN_UNGUARDED_AVAILABILITY = YES_AGGRESSIVE;
				CLANG_WARN_UNREACHABLE_CODE = YES;
				CLANG_WARN__DUPLICATE_METHOD_MATCH = YES;
				COPY_PHASE_STRIP = NO;
				DEBUG_INFORMATION_FORMAT = dwarf;
				ENABLE_STRICT_OBJC_MSGSEND = YES;
				ENABLE_TESTABILITY = YES;
				GCC_C_LANGUAGE_STANDARD = gnu11;
				GCC_DYNAMIC_NO_PIC = NO;
				GCC_NO_COMMON_BLOCKS = YES;
				GCC_OPTIMIZATION_LEVEL = 0;
				GCC_PREPROCESSOR_DEFINITIONS = (
					"DEBUG=1",
					"$(inherited)",
				);
				GCC_WARN_64_TO_32_BIT_CONVERSION = YES;
				GCC_WARN_ABOUT_RETURN_TYPE = YES_ERROR;
				GCC_WARN_UNDECLARED_SELECTOR = YES;
				GCC_WARN_UNINITIALIZED_AUTOS = YES_AGGRESSIVE;
				GCC_WARN_UNUSED_FUNCTION = YES;
				GCC_WARN_UNUSED_VARIABLE = YES;
				IPHONEOS_DEPLOYMENT_TARGET = 14.5;
				MTL_ENABLE_DEBUG_INFO = INCLUDE_SOURCE;
				MTL_FAST_MATH = YES;
				ONLY_ACTIVE_ARCH = YES;
				SDKROOT = iphoneos;
				SWIFT_ACTIVE_COMPILATION_CONDITIONS = DEBUG;
				SWIFT_OPTIMIZATION_LEVEL = "-Onone";
			};
			name = Debug;
		};
		FE20CA0826A517F500B68B26 /* Release */ = {
			isa = XCBuildConfiguration;
			buildSettings = {
				ALWAYS_SEARCH_USER_PATHS = NO;
				CLANG_ANALYZER_NONNULL = YES;
				CLANG_ANALYZER_NUMBER_OBJECT_CONVERSION = YES_AGGRESSIVE;
				CLANG_CXX_LANGUAGE_STANDARD = "gnu++14";
				CLANG_CXX_LIBRARY = "libc++";
				CLANG_ENABLE_MODULES = YES;
				CLANG_ENABLE_OBJC_ARC = YES;
				CLANG_ENABLE_OBJC_WEAK = YES;
				CLANG_WARN_BLOCK_CAPTURE_AUTORELEASING = YES;
				CLANG_WARN_BOOL_CONVERSION = YES;
				CLANG_WARN_COMMA = YES;
				CLANG_WARN_CONSTANT_CONVERSION = YES;
				CLANG_WARN_DEPRECATED_OBJC_IMPLEMENTATIONS = YES;
				CLANG_WARN_DIRECT_OBJC_ISA_USAGE = YES_ERROR;
				CLANG_WARN_DOCUMENTATION_COMMENTS = YES;
				CLANG_WARN_EMPTY_BODY = YES;
				CLANG_WARN_ENUM_CONVERSION = YES;
				CLANG_WARN_INFINITE_RECURSION = YES;
				CLANG_WARN_INT_CONVERSION = YES;
				CLANG_WARN_NON_LITERAL_NULL_CONVERSION = YES;
				CLANG_WARN_OBJC_IMPLICIT_RETAIN_SELF = YES;
				CLANG_WARN_OBJC_LITERAL_CONVERSION = YES;
				CLANG_WARN_OBJC_ROOT_CLASS = YES_ERROR;
				CLANG_WARN_QUOTED_INCLUDE_IN_FRAMEWORK_HEADER = YES;
				CLANG_WARN_RANGE_LOOP_ANALYSIS = YES;
				CLANG_WARN_STRICT_PROTOTYPES = YES;
				CLANG_WARN_SUSPICIOUS_MOVE = YES;
				CLANG_WARN_UNGUARDED_AVAILABILITY = YES_AGGRESSIVE;
				CLANG_WARN_UNREACHABLE_CODE = YES;
				CLANG_WARN__DUPLICATE_METHOD_MATCH = YES;
				COPY_PHASE_STRIP = NO;
				DEBUG_INFORMATION_FORMAT = "dwarf-with-dsym";
				ENABLE_NS_ASSERTIONS = NO;
				ENABLE_STRICT_OBJC_MSGSEND = YES;
				GCC_C_LANGUAGE_STANDARD = gnu11;
				GCC_NO_COMMON_BLOCKS = YES;
				GCC_WARN_64_TO_32_BIT_CONVERSION = YES;
				GCC_WARN_ABOUT_RETURN_TYPE = YES_ERROR;
				GCC_WARN_UNDECLARED_SELECTOR = YES;
				GCC_WARN_UNINITIALIZED_AUTOS = YES_AGGRESSIVE;
				GCC_WARN_UNUSED_FUNCTION = YES;
				GCC_WARN_UNUSED_VARIABLE = YES;
				IPHONEOS_DEPLOYMENT_TARGET = 14.5;
				MTL_ENABLE_DEBUG_INFO = NO;
				MTL_FAST_MATH = YES;
				SDKROOT = iphoneos;
				SWIFT_COMPILATION_MODE = wholemodule;
				SWIFT_OPTIMIZATION_LEVEL = "-O";
				VALIDATE_PRODUCT = YES;
			};
			name = Release;
		};
		FE20CA0A26A517F500B68B26 /* Debug */ = {
			isa = XCBuildConfiguration;
			buildSettings = {
				ASSETCATALOG_COMPILER_APPICON_NAME = AppIcon;
				ASSETCATALOG_COMPILER_GLOBAL_ACCENT_COLOR_NAME = AccentColor;
				CODE_SIGN_STYLE = Automatic;
				INFOPLIST_FILE = Dogs/Info.plist;
				LD_RUNPATH_SEARCH_PATHS = (
					"$(inherited)",
					"@executable_path/Frameworks",
				);
				PRODUCT_BUNDLE_IDENTIFIER = study.Dogs;
				PRODUCT_NAME = "$(TARGET_NAME)";
				SWIFT_VERSION = 5.0;
				TARGETED_DEVICE_FAMILY = "1,2";
			};
			name = Debug;
		};
		FE20CA0B26A517F500B68B26 /* Release */ = {
			isa = XCBuildConfiguration;
			buildSettings = {
				ASSETCATALOG_COMPILER_APPICON_NAME = AppIcon;
				ASSETCATALOG_COMPILER_GLOBAL_ACCENT_COLOR_NAME = AccentColor;
				CODE_SIGN_STYLE = Automatic;
				INFOPLIST_FILE = Dogs/Info.plist;
				LD_RUNPATH_SEARCH_PATHS = (
					"$(inherited)",
					"@executable_path/Frameworks",
				);
				PRODUCT_BUNDLE_IDENTIFIER = study.Dogs;
				PRODUCT_NAME = "$(TARGET_NAME)";
				SWIFT_VERSION = 5.0;
				TARGETED_DEVICE_FAMILY = "1,2";
			};
			name = Release;
		};
		FE20CA0D26A517F500B68B26 /* Debug */ = {
			isa = XCBuildConfiguration;
			buildSettings = {
				ALWAYS_EMBED_SWIFT_STANDARD_LIBRARIES = YES;
				BUNDLE_LOADER = "$(TEST_HOST)";
				CODE_SIGN_STYLE = Automatic;
				INFOPLIST_FILE = DogsTests/Info.plist;
				IPHONEOS_DEPLOYMENT_TARGET = 14.5;
				LD_RUNPATH_SEARCH_PATHS = (
					"$(inherited)",
					"@executable_path/Frameworks",
					"@loader_path/Frameworks",
				);
				PRODUCT_BUNDLE_IDENTIFIER = study.DogsTests;
				PRODUCT_NAME = "$(TARGET_NAME)";
				SWIFT_VERSION = 5.0;
				TARGETED_DEVICE_FAMILY = "1,2";
				TEST_HOST = "$(BUILT_PRODUCTS_DIR)/Dogs.app/Dogs";
			};
			name = Debug;
		};
		FE20CA0E26A517F500B68B26 /* Release */ = {
			isa = XCBuildConfiguration;
			buildSettings = {
				ALWAYS_EMBED_SWIFT_STANDARD_LIBRARIES = YES;
				BUNDLE_LOADER = "$(TEST_HOST)";
				CODE_SIGN_STYLE = Automatic;
				INFOPLIST_FILE = DogsTests/Info.plist;
				IPHONEOS_DEPLOYMENT_TARGET = 14.5;
				LD_RUNPATH_SEARCH_PATHS = (
					"$(inherited)",
					"@executable_path/Frameworks",
					"@loader_path/Frameworks",
				);
				PRODUCT_BUNDLE_IDENTIFIER = study.DogsTests;
				PRODUCT_NAME = "$(TARGET_NAME)";
				SWIFT_VERSION = 5.0;
				TARGETED_DEVICE_FAMILY = "1,2";
				TEST_HOST = "$(BUILT_PRODUCTS_DIR)/Dogs.app/Dogs";
			};
			name = Release;
		};
		FE20CA1026A517F500B68B26 /* Debug */ = {
			isa = XCBuildConfiguration;
			buildSettings = {
				ALWAYS_EMBED_SWIFT_STANDARD_LIBRARIES = YES;
				CODE_SIGN_STYLE = Automatic;
				INFOPLIST_FILE = DogsUITests/Info.plist;
				LD_RUNPATH_SEARCH_PATHS = (
					"$(inherited)",
					"@executable_path/Frameworks",
					"@loader_path/Frameworks",
				);
				PRODUCT_BUNDLE_IDENTIFIER = study.DogsUITests;
				PRODUCT_NAME = "$(TARGET_NAME)";
				SWIFT_VERSION = 5.0;
				TARGETED_DEVICE_FAMILY = "1,2";
				TEST_TARGET_NAME = Dogs;
			};
			name = Debug;
		};
		FE20CA1126A517F500B68B26 /* Release */ = {
			isa = XCBuildConfiguration;
			buildSettings = {
				ALWAYS_EMBED_SWIFT_STANDARD_LIBRARIES = YES;
				CODE_SIGN_STYLE = Automatic;
				INFOPLIST_FILE = DogsUITests/Info.plist;
				LD_RUNPATH_SEARCH_PATHS = (
					"$(inherited)",
					"@executable_path/Frameworks",
					"@loader_path/Frameworks",
				);
				PRODUCT_BUNDLE_IDENTIFIER = study.DogsUITests;
				PRODUCT_NAME = "$(TARGET_NAME)";
				SWIFT_VERSION = 5.0;
				TARGETED_DEVICE_FAMILY = "1,2";
				TEST_TARGET_NAME = Dogs;
			};
			name = Release;
		};
/* End XCBuildConfiguration section */

/* Begin XCConfigurationList section */
		FE20C9DA26A517F100B68B26 /* Build configuration list for PBXProject "Dogs" */ = {
			isa = XCConfigurationList;
			buildConfigurations = (
				FE20CA0726A517F500B68B26 /* Debug */,
				FE20CA0826A517F500B68B26 /* Release */,
			);
			defaultConfigurationIsVisible = 0;
			defaultConfigurationName = Release;
		};
		FE20CA0926A517F500B68B26 /* Build configuration list for PBXNativeTarget "Dogs" */ = {
			isa = XCConfigurationList;
			buildConfigurations = (
				FE20CA0A26A517F500B68B26 /* Debug */,
				FE20CA0B26A517F500B68B26 /* Release */,
			);
			defaultConfigurationIsVisible = 0;
			defaultConfigurationName = Release;
		};
		FE20CA0C26A517F500B68B26 /* Build configuration list for PBXNativeTarget "DogsTests" */ = {
			isa = XCConfigurationList;
			buildConfigurations = (
				FE20CA0D26A517F500B68B26 /* Debug */,
				FE20CA0E26A517F500B68B26 /* Release */,
			);
			defaultConfigurationIsVisible = 0;
			defaultConfigurationName = Release;
		};
		FE20CA0F26A517F500B68B26 /* Build configuration list for PBXNativeTarget "DogsUITests" */ = {
			isa = XCConfigurationList;
			buildConfigurations = (
				FE20CA1026A517F500B68B26 /* Debug */,
				FE20CA1126A517F500B68B26 /* Release */,
			);
			defaultConfigurationIsVisible = 0;
			defaultConfigurationName = Release;
		};
/* End XCConfigurationList section */
	};
	rootObject = FE20C9D726A517F100B68B26 /* Project object */;
}
